// !$*UTF8*$!
{
	archiveVersion = 1;
	classes = {
	};
	objectVersion = 54;
	objects = {

/* Begin PBXBuildFile section */
		5677395325FB7BF000AB2341 /* main.cpp in Sources */ = {isa = PBXBuildFile; fileRef = 5677394C25FB7BF000AB2341 /* main.cpp */; };
		56F0866E2F315CA900F5AE3E /* ArcBall.cpp in Sources */ = {isa = PBXBuildFile; fileRef = 56F086302F315CA900F5AE3E /* ArcBall.cpp */; };
		56F0866F2F315CA900F5AE3E /* CommandInterpreter.cpp in Sources */ = {isa = PBXBuildFile; fileRef = 56F086362F315CA900F5AE3E /* CommandInterpreter.cpp */; };
		56F086702F315CA900F5AE3E /* GLTexture1D.cpp in Sources */ = {isa = PBXBuildFile; fileRef = 56F0864D2F315CA900F5AE3E /* GLTexture1D.cpp */; };
		56F086712F315CA900F5AE3E /* GLArray.cpp in Sources */ = {isa = PBXBuildFile; fileRef = 56F0863D2F315CA900F5AE3E /* GLArray.cpp */; };
		56F086722F315CA900F5AE3E /* Image.cpp in Sources */ = {isa = PBXBuildFile; fileRef = 56F0865B2F315CA900F5AE3E /* Image.cpp */; };
		56F086732F315CA900F5AE3E /* GLApp.cpp in Sources */ = {isa = PBXBuildFile; fileRef = 56F0863A2F315CA900F5AE3E /* GLApp.cpp */; };
		56F086742F315CA900F5AE3E /* Tesselation.cpp in Sources */ = {isa = PBXBuildFile; fileRef = 56F0866A2F315CA900F5AE3E /* Tesselation.cpp */; };
		56F086752F315CA900F5AE3E /* Grid2D.cpp in Sources */ = {isa = PBXBuildFile; fileRef = 56F086562F315CA900F5AE3E /* Grid2D.cpp */; };
		56F086762F315CA900F5AE3E /* ImageLoader.cpp in Sources */ = {isa = PBXBuildFile; fileRef = 56F0865D2F315CA900F5AE3E /* ImageLoader.cpp */; };
		56F086772F315CA900F5AE3E /* Rand.cpp in Sources */ = {isa = PBXBuildFile; fileRef = 56F086672F315CA900F5AE3E /* Rand.cpp */; };
		56F086782F315CA900F5AE3E /* GLTexture2D.cpp in Sources */ = {isa = PBXBuildFile; fileRef = 56F0864F2F315CA900F5AE3E /* GLTexture2D.cpp */; };
		56F086792F315CA900F5AE3E /* AbstractParticleSystem.cpp in Sources */ = {isa = PBXBuildFile; fileRef = 56F0862D2F315CA900F5AE3E /* AbstractParticleSystem.cpp */; };
		56F0867A2F315CA900F5AE3E /* helvetica_neue.inc in Sources */ = {isa = PBXBuildFile; fileRef = 56F086582F315CA900F5AE3E /* helvetica_neue.inc */; };
		56F0867B2F315CA900F5AE3E /* FontRenderer.cpp in Sources */ = {isa = PBXBuildFile; fileRef = 56F086382F315CA900F5AE3E /* FontRenderer.cpp */; };
		56F0867C2F315CA900F5AE3E /* GLFramebuffer.cpp in Sources */ = {isa = PBXBuildFile; fileRef = 56F086482F315CA900F5AE3E /* GLFramebuffer.cpp */; };
		56F0867D2F315CA900F5AE3E /* GLDebug.cpp in Sources */ = {isa = PBXBuildFile; fileRef = 56F086412F315CA900F5AE3E /* GLDebug.cpp */; };
		56F0867E2F315CA900F5AE3E /* GLTextureCube.cpp in Sources */ = {isa = PBXBuildFile; fileRef = 56F086532F315CA900F5AE3E /* GLTextureCube.cpp */; };
		56F0867F2F315CA900F5AE3E /* OBJFile.cpp in Sources */ = {isa = PBXBuildFile; fileRef = 56F086632F315CA900F5AE3E /* OBJFile.cpp */; };
		56F086802F315CA900F5AE3E /* GLDepthBuffer.cpp in Sources */ = {isa = PBXBuildFile; fileRef = 56F086432F315CA900F5AE3E /* GLDepthBuffer.cpp */; };
		56F086812F315CA900F5AE3E /* GLBuffer.cpp in Sources */ = {isa = PBXBuildFile; fileRef = 56F0863F2F315CA900F5AE3E /* GLBuffer.cpp */; };
		56F086822F315CA900F5AE3E /* GLProgram.cpp in Sources */ = {isa = PBXBuildFile; fileRef = 56F0864A2F315CA900F5AE3E /* GLProgram.cpp */; };
		56F086832F315CA900F5AE3E /* makefile in Sources */ = {isa = PBXBuildFile; fileRef = 56F0865F2F315CA900F5AE3E /* makefile */; };
		56F086842F315CA900F5AE3E /* GLTexture3D.cpp in Sources */ = {isa = PBXBuildFile; fileRef = 56F086512F315CA900F5AE3E /* GLTexture3D.cpp */; };
		56F086852F315CA900F5AE3E /* bmp.cpp in Sources */ = {isa = PBXBuildFile; fileRef = 56F086322F315CA900F5AE3E /* bmp.cpp */; };
		56F086862F315CA900F5AE3E /* GLEnv.cpp in Sources */ = {isa = PBXBuildFile; fileRef = 56F086462F315CA900F5AE3E /* GLEnv.cpp */; };
		56F086872F315CA900F5AE3E /* ArcBall.h in Headers */ = {isa = PBXBuildFile; fileRef = 56F0862F2F315CA900F5AE3E /* ArcBall.h */; };
		56F086882F315CA900F5AE3E /* Mat3.h in Headers */ = {isa = PBXBuildFile; fileRef = 56F086602F315CA900F5AE3E /* Mat3.h */; };
		56F086892F315CA900F5AE3E /* OBJFile.h in Headers */ = {isa = PBXBuildFile; fileRef = 56F086622F315CA900F5AE3E /* OBJFile.h */; };
		56F0868A2F315CA900F5AE3E /* Tesselation.h in Headers */ = {isa = PBXBuildFile; fileRef = 56F086692F315CA900F5AE3E /* Tesselation.h */; };
		56F0868B2F315CA900F5AE3E /* GLEnv.h in Headers */ = {isa = PBXBuildFile; fileRef = 56F086452F315CA900F5AE3E /* GLEnv.h */; };
		56F0868C2F315CA900F5AE3E /* GLTexture3D.h in Headers */ = {isa = PBXBuildFile; fileRef = 56F086502F315CA900F5AE3E /* GLTexture3D.h */; };
		56F0868D2F315CA900F5AE3E /* GLBuffer.h in Headers */ = {isa = PBXBuildFile; fileRef = 56F0863E2F315CA900F5AE3E /* GLBuffer.h */; };
		56F0868E2F315CA900F5AE3E /* GLTexture2D.h in Headers */ = {isa = PBXBuildFile; fileRef = 56F0864E2F315CA900F5AE3E /* GLTexture2D.h */; };
		56F0868F2F315CA900F5AE3E /* GLApp.h in Headers */ = {isa = PBXBuildFile; fileRef = 56F086392F315CA900F5AE3E /* GLApp.h */; };
		56F086902F315CA900F5AE3E /* Mat4.h in Headers */ = {isa = PBXBuildFile; fileRef = 56F086612F315CA900F5AE3E /* Mat4.h */; };
		56F086912F315CA900F5AE3E /* ImageLoader.h in Headers */ = {isa = PBXBuildFile; fileRef = 56F0865C2F315CA900F5AE3E /* ImageLoader.h */; };
		56F086922F315CA900F5AE3E /* Camera.h in Headers */ = {isa = PBXBuildFile; fileRef = 56F086332F315CA900F5AE3E /* Camera.h */; };
		56F086932F315CA900F5AE3E /* GLDepthBuffer.h in Headers */ = {isa = PBXBuildFile; fileRef = 56F086422F315CA900F5AE3E /* GLDepthBuffer.h */; };
		56F086942F315CA900F5AE3E /* Quaternion.h in Headers */ = {isa = PBXBuildFile; fileRef = 56F086652F315CA900F5AE3E /* Quaternion.h */; };
		56F086952F315CA900F5AE3E /* stb_image.h in Headers */ = {isa = PBXBuildFile; fileRef = 56F086682F315CA900F5AE3E /* stb_image.h */; };
		56F086962F315CA900F5AE3E /* Vec2.h in Headers */ = {isa = PBXBuildFile; fileRef = 56F0866B2F315CA900F5AE3E /* Vec2.h */; };
		56F086972F315CA900F5AE3E /* GLProgram.h in Headers */ = {isa = PBXBuildFile; fileRef = 56F086492F315CA900F5AE3E /* GLProgram.h */; };
		56F086982F315CA900F5AE3E /* GLScreenshot.h in Headers */ = {isa = PBXBuildFile; fileRef = 56F0864B2F315CA900F5AE3E /* GLScreenshot.h */; };
		56F086992F315CA900F5AE3E /* ColorConversion.h in Headers */ = {isa = PBXBuildFile; fileRef = 56F086342F315CA900F5AE3E /* ColorConversion.h */; };
		56F0869A2F315CA900F5AE3E /* bmp.h in Headers */ = {isa = PBXBuildFile; fileRef = 56F086312F315CA900F5AE3E /* bmp.h */; };
		56F0869B2F315CA900F5AE3E /* Vec3.h in Headers */ = {isa = PBXBuildFile; fileRef = 56F0866C2F315CA900F5AE3E /* Vec3.h */; };
		56F0869C2F315CA900F5AE3E /* GLDebug.h in Headers */ = {isa = PBXBuildFile; fileRef = 56F086402F315CA900F5AE3E /* GLDebug.h */; };
		56F0869D2F315CA900F5AE3E /* Rand.h in Headers */ = {isa = PBXBuildFile; fileRef = 56F086662F315CA900F5AE3E /* Rand.h */; };
		56F0869E2F315CA900F5AE3E /* GLDepthTexture.h in Headers */ = {isa = PBXBuildFile; fileRef = 56F086442F315CA900F5AE3E /* GLDepthTexture.h */; };
		56F0869F2F315CA900F5AE3E /* CommandInterpreter.h in Headers */ = {isa = PBXBuildFile; fileRef = 56F086352F315CA900F5AE3E /* CommandInterpreter.h */; };
		56F086A02F315CA900F5AE3E /* GLTexture1D.h in Headers */ = {isa = PBXBuildFile; fileRef = 56F0864C2F315CA900F5AE3E /* GLTexture1D.h */; };
		56F086A12F315CA900F5AE3E /* GLArray.h in Headers */ = {isa = PBXBuildFile; fileRef = 56F0863C2F315CA900F5AE3E /* GLArray.h */; };
		56F086A22F315CA900F5AE3E /* Vec4.h in Headers */ = {isa = PBXBuildFile; fileRef = 56F0866D2F315CA900F5AE3E /* Vec4.h */; };
		56F086A32F315CA900F5AE3E /* FontRenderer.h in Headers */ = {isa = PBXBuildFile; fileRef = 56F086372F315CA900F5AE3E /* FontRenderer.h */; };
		56F086A42F315CA900F5AE3E /* Grid2D.h in Headers */ = {isa = PBXBuildFile; fileRef = 56F086552F315CA900F5AE3E /* Grid2D.h */; };
		56F086A52F315CA900F5AE3E /* GLAppKeyTranslation.h in Headers */ = {isa = PBXBuildFile; fileRef = 56F0863B2F315CA900F5AE3E /* GLAppKeyTranslation.h */; };
		56F086A62F315CA900F5AE3E /* AbstractParticleSystem.h in Headers */ = {isa = PBXBuildFile; fileRef = 56F0862C2F315CA900F5AE3E /* AbstractParticleSystem.h */; };
		56F086A72F315CA900F5AE3E /* Image.h in Headers */ = {isa = PBXBuildFile; fileRef = 56F0865A2F315CA900F5AE3E /* Image.h */; };
		56F086A82F315CA900F5AE3E /* PerformanceTimer.h in Headers */ = {isa = PBXBuildFile; fileRef = 56F086642F315CA900F5AE3E /* PerformanceTimer.h */; };
		56F086A92F315CA900F5AE3E /* GLTextureCube.h in Headers */ = {isa = PBXBuildFile; fileRef = 56F086522F315CA900F5AE3E /* GLTextureCube.h */; };
		56F086AA2F315CA900F5AE3E /* GLFramebuffer.h in Headers */ = {isa = PBXBuildFile; fileRef = 56F086472F315CA900F5AE3E /* GLFramebuffer.h */; };
		56F086AC2F315CA900F5AE3E /* GLTextureCube.o in Frameworks */ = {isa = PBXBuildFile; fileRef = 56F086542F315CA900F5AE3E /* GLTextureCube.o */; };
		56F086AD2F315CA900F5AE3E /* AbstractParticleSystem.o in Frameworks */ = {isa = PBXBuildFile; fileRef = 56F0862E2F315CA900F5AE3E /* AbstractParticleSystem.o */; };
/* End PBXBuildFile section */

/* Begin PBXContainerItemProxy section */
		56C3089D2AE01A37001E10D2 /* PBXContainerItemProxy */ = {
			isa = PBXContainerItemProxy;
			containerPortal = A231F0F725EAF61A00CBFC23 /* Project object */;
			proxyType = 1;
			remoteGlobalIDString = 56C308662ADFE5EE001E10D2;
			remoteInfo = Utils;
		};
/* End PBXContainerItemProxy section */

/* Begin PBXCopyFilesBuildPhase section */
		A231F0FD25EAF61A00CBFC23 /* CopyFiles */ = {
			isa = PBXCopyFilesBuildPhase;
			buildActionMask = 12;
			dstPath = "";
			dstSubfolderSpec = 7;
			files = (
			);
			runOnlyForDeploymentPostprocessing = 0;
		};
/* End PBXCopyFilesBuildPhase section */

/* Begin PBXFileReference section */
		5677394C25FB7BF000AB2341 /* main.cpp */ = {isa = PBXFileReference; fileEncoding = 4; lastKnownFileType = sourcecode.cpp.cpp; path = main.cpp; sourceTree = "<group>"; xcLanguageSpecificationIdentifier = xcode.lang.cpp; };
		56C308672ADFE5EE001E10D2 /* libUtils.a */ = {isa = PBXFileReference; explicitFileType = archive.ar; includeInIndex = 0; path = libUtils.a; sourceTree = BUILT_PRODUCTS_DIR; };
		56F0862C2F315CA900F5AE3E /* AbstractParticleSystem.h */ = {isa = PBXFileReference; lastKnownFileType = sourcecode.c.h; name = AbstractParticleSystem.h; path = ../Utils/AbstractParticleSystem.h; sourceTree = SOURCE_ROOT; };
		56F0862D2F315CA900F5AE3E /* AbstractParticleSystem.cpp */ = {isa = PBXFileReference; lastKnownFileType = sourcecode.cpp.cpp; name = AbstractParticleSystem.cpp; path = ../Utils/AbstractParticleSystem.cpp; sourceTree = SOURCE_ROOT; };
		56F0862E2F315CA900F5AE3E /* AbstractParticleSystem.o */ = {isa = PBXFileReference; lastKnownFileType = "compiled.mach-o.objfile"; name = AbstractParticleSystem.o; path = ../Utils/AbstractParticleSystem.o; sourceTree = SOURCE_ROOT; };
		56F0862F2F315CA900F5AE3E /* ArcBall.h */ = {isa = PBXFileReference; lastKnownFileType = sourcecode.c.h; name = ArcBall.h; path = ../Utils/ArcBall.h; sourceTree = SOURCE_ROOT; };
		56F086302F315CA900F5AE3E /* ArcBall.cpp */ = {isa = PBXFileReference; lastKnownFileType = sourcecode.cpp.cpp; name = ArcBall.cpp; path = ../Utils/ArcBall.cpp; sourceTree = SOURCE_ROOT; };
		56F086312F315CA900F5AE3E /* bmp.h */ = {isa = PBXFileReference; lastKnownFileType = sourcecode.c.h; name = bmp.h; path = ../Utils/bmp.h; sourceTree = SOURCE_ROOT; };
		56F086322F315CA900F5AE3E /* bmp.cpp */ = {isa = PBXFileReference; lastKnownFileType = sourcecode.cpp.cpp; name = bmp.cpp; path = ../Utils/bmp.cpp; sourceTree = SOURCE_ROOT; };
		56F086332F315CA900F5AE3E /* Camera.h */ = {isa = PBXFileReference; lastKnownFileType = sourcecode.c.h; name = Camera.h; path = ../Utils/Camera.h; sourceTree = SOURCE_ROOT; };
		56F086342F315CA900F5AE3E /* ColorConversion.h */ = {isa = PBXFileReference; lastKnownFileType = sourcecode.c.h; name = ColorConversion.h; path = ../Utils/ColorConversion.h; sourceTree = SOURCE_ROOT; };
		56F086352F315CA900F5AE3E /* CommandInterpreter.h */ = {isa = PBXFileReference; lastKnownFileType = sourcecode.c.h; name = CommandInterpreter.h; path = ../Utils/CommandInterpreter.h; sourceTree = SOURCE_ROOT; };
		56F086362F315CA900F5AE3E /* CommandInterpreter.cpp */ = {isa = PBXFileReference; lastKnownFileType = sourcecode.cpp.cpp; name = CommandInterpreter.cpp; path = ../Utils/CommandInterpreter.cpp; sourceTree = SOURCE_ROOT; };
		56F086372F315CA900F5AE3E /* FontRenderer.h */ = {isa = PBXFileReference; lastKnownFileType = sourcecode.c.h; name = FontRenderer.h; path = ../Utils/FontRenderer.h; sourceTree = SOURCE_ROOT; };
		56F086382F315CA900F5AE3E /* FontRenderer.cpp */ = {isa = PBXFileReference; lastKnownFileType = sourcecode.cpp.cpp; name = FontRenderer.cpp; path = ../Utils/FontRenderer.cpp; sourceTree = SOURCE_ROOT; };
		56F086392F315CA900F5AE3E /* GLApp.h */ = {isa = PBXFileReference; lastKnownFileType = sourcecode.c.h; name = GLApp.h; path = ../Utils/GLApp.h; sourceTree = SOURCE_ROOT; };
		56F0863A2F315CA900F5AE3E /* GLApp.cpp */ = {isa = PBXFileReference; lastKnownFileType = sourcecode.cpp.cpp; name = GLApp.cpp; path = ../Utils/GLApp.cpp; sourceTree = SOURCE_ROOT; };
		56F0863B2F315CA900F5AE3E /* GLAppKeyTranslation.h */ = {isa = PBXFileReference; lastKnownFileType = sourcecode.c.h; name = GLAppKeyTranslation.h; path = ../Utils/GLAppKeyTranslation.h; sourceTree = SOURCE_ROOT; };
		56F0863C2F315CA900F5AE3E /* GLArray.h */ = {isa = PBXFileReference; lastKnownFileType = sourcecode.c.h; name = GLArray.h; path = ../Utils/GLArray.h; sourceTree = SOURCE_ROOT; };
		56F0863D2F315CA900F5AE3E /* GLArray.cpp */ = {isa = PBXFileReference; lastKnownFileType = sourcecode.cpp.cpp; name = GLArray.cpp; path = ../Utils/GLArray.cpp; sourceTree = SOURCE_ROOT; };
		56F0863E2F315CA900F5AE3E /* GLBuffer.h */ = {isa = PBXFileReference; lastKnownFileType = sourcecode.c.h; name = GLBuffer.h; path = ../Utils/GLBuffer.h; sourceTree = SOURCE_ROOT; };
		56F0863F2F315CA900F5AE3E /* GLBuffer.cpp */ = {isa = PBXFileReference; lastKnownFileType = sourcecode.cpp.cpp; name = GLBuffer.cpp; path = ../Utils/GLBuffer.cpp; sourceTree = SOURCE_ROOT; };
		56F086402F315CA900F5AE3E /* GLDebug.h */ = {isa = PBXFileReference; lastKnownFileType = sourcecode.c.h; name = GLDebug.h; path = ../Utils/GLDebug.h; sourceTree = SOURCE_ROOT; };
		56F086412F315CA900F5AE3E /* GLDebug.cpp */ = {isa = PBXFileReference; lastKnownFileType = sourcecode.cpp.cpp; name = GLDebug.cpp; path = ../Utils/GLDebug.cpp; sourceTree = SOURCE_ROOT; };
		56F086422F315CA900F5AE3E /* GLDepthBuffer.h */ = {isa = PBXFileReference; lastKnownFileType = sourcecode.c.h; name = GLDepthBuffer.h; path = ../Utils/GLDepthBuffer.h; sourceTree = SOURCE_ROOT; };
		56F086432F315CA900F5AE3E /* GLDepthBuffer.cpp */ = {isa = PBXFileReference; lastKnownFileType = sourcecode.cpp.cpp; name = GLDepthBuffer.cpp; path = ../Utils/GLDepthBuffer.cpp; sourceTree = SOURCE_ROOT; };
		56F086442F315CA900F5AE3E /* GLDepthTexture.h */ = {isa = PBXFileReference; lastKnownFileType = sourcecode.c.h; name = GLDepthTexture.h; path = ../Utils/GLDepthTexture.h; sourceTree = SOURCE_ROOT; };
		56F086452F315CA900F5AE3E /* GLEnv.h */ = {isa = PBXFileReference; lastKnownFileType = sourcecode.c.h; name = GLEnv.h; path = ../Utils/GLEnv.h; sourceTree = SOURCE_ROOT; };
		56F086462F315CA900F5AE3E /* GLEnv.cpp */ = {isa = PBXFileReference; lastKnownFileType = sourcecode.cpp.cpp; name = GLEnv.cpp; path = ../Utils/GLEnv.cpp; sourceTree = SOURCE_ROOT; };
		56F086472F315CA900F5AE3E /* GLFramebuffer.h */ = {isa = PBXFileReference; lastKnownFileType = sourcecode.c.h; name = GLFramebuffer.h; path = ../Utils/GLFramebuffer.h; sourceTree = SOURCE_ROOT; };
		56F086482F315CA900F5AE3E /* GLFramebuffer.cpp */ = {isa = PBXFileReference; lastKnownFileType = sourcecode.cpp.cpp; name = GLFramebuffer.cpp; path = ../Utils/GLFramebuffer.cpp; sourceTree = SOURCE_ROOT; };
		56F086492F315CA900F5AE3E /* GLProgram.h */ = {isa = PBXFileReference; lastKnownFileType = sourcecode.c.h; name = GLProgram.h; path = ../Utils/GLProgram.h; sourceTree = SOURCE_ROOT; };
		56F0864A2F315CA900F5AE3E /* GLProgram.cpp */ = {isa = PBXFileReference; lastKnownFileType = sourcecode.cpp.cpp; name = GLProgram.cpp; path = ../Utils/GLProgram.cpp; sourceTree = SOURCE_ROOT; };
		56F0864B2F315CA900F5AE3E /* GLScreenshot.h */ = {isa = PBXFileReference; lastKnownFileType = sourcecode.c.h; name = GLScreenshot.h; path = ../Utils/GLScreenshot.h; sourceTree = SOURCE_ROOT; };
		56F0864C2F315CA900F5AE3E /* GLTexture1D.h */ = {isa = PBXFileReference; lastKnownFileType = sourcecode.c.h; name = GLTexture1D.h; path = ../Utils/GLTexture1D.h; sourceTree = SOURCE_ROOT; };
		56F0864D2F315CA900F5AE3E /* GLTexture1D.cpp */ = {isa = PBXFileReference; lastKnownFileType = sourcecode.cpp.cpp; name = GLTexture1D.cpp; path = ../Utils/GLTexture1D.cpp; sourceTree = SOURCE_ROOT; };
		56F0864E2F315CA900F5AE3E /* GLTexture2D.h */ = {isa = PBXFileReference; lastKnownFileType = sourcecode.c.h; name = GLTexture2D.h; path = ../Utils/GLTexture2D.h; sourceTree = SOURCE_ROOT; };
		56F0864F2F315CA900F5AE3E /* GLTexture2D.cpp */ = {isa = PBXFileReference; lastKnownFileType = sourcecode.cpp.cpp; name = GLTexture2D.cpp; path = ../Utils/GLTexture2D.cpp; sourceTree = SOURCE_ROOT; };
		56F086502F315CA900F5AE3E /* GLTexture3D.h */ = {isa = PBXFileReference; lastKnownFileType = sourcecode.c.h; name = GLTexture3D.h; path = ../Utils/GLTexture3D.h; sourceTree = SOURCE_ROOT; };
		56F086512F315CA900F5AE3E /* GLTexture3D.cpp */ = {isa = PBXFileReference; lastKnownFileType = sourcecode.cpp.cpp; name = GLTexture3D.cpp; path = ../Utils/GLTexture3D.cpp; sourceTree = SOURCE_ROOT; };
		56F086522F315CA900F5AE3E /* GLTextureCube.h */ = {isa = PBXFileReference; lastKnownFileType = sourcecode.c.h; name = GLTextureCube.h; path = ../Utils/GLTextureCube.h; sourceTree = SOURCE_ROOT; };
		56F086532F315CA900F5AE3E /* GLTextureCube.cpp */ = {isa = PBXFileReference; lastKnownFileType = sourcecode.cpp.cpp; name = GLTextureCube.cpp; path = ../Utils/GLTextureCube.cpp; sourceTree = SOURCE_ROOT; };
		56F086542F315CA900F5AE3E /* GLTextureCube.o */ = {isa = PBXFileReference; lastKnownFileType = "compiled.mach-o.objfile"; name = GLTextureCube.o; path = ../Utils/GLTextureCube.o; sourceTree = SOURCE_ROOT; };
		56F086552F315CA900F5AE3E /* Grid2D.h */ = {isa = PBXFileReference; lastKnownFileType = sourcecode.c.h; name = Grid2D.h; path = ../Utils/Grid2D.h; sourceTree = SOURCE_ROOT; };
		56F086562F315CA900F5AE3E /* Grid2D.cpp */ = {isa = PBXFileReference; lastKnownFileType = sourcecode.cpp.cpp; name = Grid2D.cpp; path = ../Utils/Grid2D.cpp; sourceTree = SOURCE_ROOT; };
		56F086572F315CA900F5AE3E /* helvetica_neue.bmp */ = {isa = PBXFileReference; lastKnownFileType = image.bmp; name = helvetica_neue.bmp; path = ../Utils/helvetica_neue.bmp; sourceTree = SOURCE_ROOT; };
		56F086582F315CA900F5AE3E /* helvetica_neue.inc */ = {isa = PBXFileReference; lastKnownFileType = sourcecode.pascal; name = helvetica_neue.inc; path = ../Utils/helvetica_neue.inc; sourceTree = SOURCE_ROOT; };
		56F086592F315CA900F5AE3E /* helvetica_neue.pos */ = {isa = PBXFileReference; lastKnownFileType = text; name = helvetica_neue.pos; path = ../Utils/helvetica_neue.pos; sourceTree = SOURCE_ROOT; };
		56F0865A2F315CA900F5AE3E /* Image.h */ = {isa = PBXFileReference; lastKnownFileType = sourcecode.c.h; name = Image.h; path = ../Utils/Image.h; sourceTree = SOURCE_ROOT; };
		56F0865B2F315CA900F5AE3E /* Image.cpp */ = {isa = PBXFileReference; lastKnownFileType = sourcecode.cpp.cpp; name = Image.cpp; path = ../Utils/Image.cpp; sourceTree = SOURCE_ROOT; };
		56F0865C2F315CA900F5AE3E /* ImageLoader.h */ = {isa = PBXFileReference; lastKnownFileType = sourcecode.c.h; name = ImageLoader.h; path = ../Utils/ImageLoader.h; sourceTree = SOURCE_ROOT; };
		56F0865D2F315CA900F5AE3E /* ImageLoader.cpp */ = {isa = PBXFileReference; lastKnownFileType = sourcecode.cpp.cpp; name = ImageLoader.cpp; path = ../Utils/ImageLoader.cpp; sourceTree = SOURCE_ROOT; };
		56F0865F2F315CA900F5AE3E /* makefile */ = {isa = PBXFileReference; lastKnownFileType = sourcecode.make; name = makefile; path = ../Utils/makefile; sourceTree = SOURCE_ROOT; };
		56F086602F315CA900F5AE3E /* Mat3.h */ = {isa = PBXFileReference; lastKnownFileType = sourcecode.c.h; name = Mat3.h; path = ../Utils/Mat3.h; sourceTree = SOURCE_ROOT; };
		56F086612F315CA900F5AE3E /* Mat4.h */ = {isa = PBXFileReference; lastKnownFileType = sourcecode.c.h; name = Mat4.h; path = ../Utils/Mat4.h; sourceTree = SOURCE_ROOT; };
		56F086622F315CA900F5AE3E /* OBJFile.h */ = {isa = PBXFileReference; lastKnownFileType = sourcecode.c.h; name = OBJFile.h; path = ../Utils/OBJFile.h; sourceTree = SOURCE_ROOT; };
		56F086632F315CA900F5AE3E /* OBJFile.cpp */ = {isa = PBXFileReference; lastKnownFileType = sourcecode.cpp.cpp; name = OBJFile.cpp; path = ../Utils/OBJFile.cpp; sourceTree = SOURCE_ROOT; };
		56F086642F315CA900F5AE3E /* PerformanceTimer.h */ = {isa = PBXFileReference; lastKnownFileType = sourcecode.c.h; name = PerformanceTimer.h; path = ../Utils/PerformanceTimer.h; sourceTree = SOURCE_ROOT; };
		56F086652F315CA900F5AE3E /* Quaternion.h */ = {isa = PBXFileReference; lastKnownFileType = sourcecode.c.h; name = Quaternion.h; path = ../Utils/Quaternion.h; sourceTree = SOURCE_ROOT; };
		56F086662F315CA900F5AE3E /* Rand.h */ = {isa = PBXFileReference; lastKnownFileType = sourcecode.c.h; name = Rand.h; path = ../Utils/Rand.h; sourceTree = SOURCE_ROOT; };
		56F086672F315CA900F5AE3E /* Rand.cpp */ = {isa = PBXFileReference; lastKnownFileType = sourcecode.cpp.cpp; name = Rand.cpp; path = ../Utils/Rand.cpp; sourceTree = SOURCE_ROOT; };
		56F086682F315CA900F5AE3E /* stb_image.h */ = {isa = PBXFileReference; lastKnownFileType = sourcecode.c.h; name = stb_image.h; path = ../Utils/stb_image.h; sourceTree = SOURCE_ROOT; };
		56F086692F315CA900F5AE3E /* Tesselation.h */ = {isa = PBXFileReference; lastKnownFileType = sourcecode.c.h; name = Tesselation.h; path = ../Utils/Tesselation.h; sourceTree = SOURCE_ROOT; };
		56F0866A2F315CA900F5AE3E /* Tesselation.cpp */ = {isa = PBXFileReference; lastKnownFileType = sourcecode.cpp.cpp; name = Tesselation.cpp; path = ../Utils/Tesselation.cpp; sourceTree = SOURCE_ROOT; };
		56F0866B2F315CA900F5AE3E /* Vec2.h */ = {isa = PBXFileReference; lastKnownFileType = sourcecode.c.h; name = Vec2.h; path = ../Utils/Vec2.h; sourceTree = SOURCE_ROOT; };
		56F0866C2F315CA900F5AE3E /* Vec3.h */ = {isa = PBXFileReference; lastKnownFileType = sourcecode.c.h; name = Vec3.h; path = ../Utils/Vec3.h; sourceTree = SOURCE_ROOT; };
		56F0866D2F315CA900F5AE3E /* Vec4.h */ = {isa = PBXFileReference; lastKnownFileType = sourcecode.c.h; name = Vec4.h; path = ../Utils/Vec4.h; sourceTree = SOURCE_ROOT; };
		A231F0FF25EAF61A00CBFC23 /* HelloGL-Demo */ = {isa = PBXFileReference; explicitFileType = "compiled.mach-o.executable"; includeInIndex = 0; path = "HelloGL-Demo"; sourceTree = BUILT_PRODUCTS_DIR; };
/* End PBXFileReference section */

/* Begin PBXFrameworksBuildPhase section */
		56C308652ADFE5EE001E10D2 /* Frameworks */ = {
			isa = PBXFrameworksBuildPhase;
			buildActionMask = 2147483647;
			files = (
				56F086AC2F315CA900F5AE3E /* GLTextureCube.o in Frameworks */,
				56F086AD2F315CA900F5AE3E /* AbstractParticleSystem.o in Frameworks */,
			);
			runOnlyForDeploymentPostprocessing = 0;
		};
		A231F0FC25EAF61A00CBFC23 /* Frameworks */ = {
			isa = PBXFrameworksBuildPhase;
			buildActionMask = 2147483647;
			files = (
			);
			runOnlyForDeploymentPostprocessing = 0;
		};
/* End PBXFrameworksBuildPhase section */

/* Begin PBXGroup section */
		56C308262ADFE439001E10D2 /* Utils */ = {
			isa = PBXGroup;
			children = (
				56F0862C2F315CA900F5AE3E /* AbstractParticleSystem.h */,
				56F0862D2F315CA900F5AE3E /* AbstractParticleSystem.cpp */,
				56F0862E2F315CA900F5AE3E /* AbstractParticleSystem.o */,
				56F0862F2F315CA900F5AE3E /* ArcBall.h */,
				56F086302F315CA900F5AE3E /* ArcBall.cpp */,
				56F086312F315CA900F5AE3E /* bmp.h */,
				56F086322F315CA900F5AE3E /* bmp.cpp */,
				56F086332F315CA900F5AE3E /* Camera.h */,
				56F086342F315CA900F5AE3E /* ColorConversion.h */,
				56F086352F315CA900F5AE3E /* CommandInterpreter.h */,
				56F086362F315CA900F5AE3E /* CommandInterpreter.cpp */,
				56F086372F315CA900F5AE3E /* FontRenderer.h */,
				56F086382F315CA900F5AE3E /* FontRenderer.cpp */,
				56F086392F315CA900F5AE3E /* GLApp.h */,
				56F0863A2F315CA900F5AE3E /* GLApp.cpp */,
				56F0863B2F315CA900F5AE3E /* GLAppKeyTranslation.h */,
				56F0863C2F315CA900F5AE3E /* GLArray.h */,
				56F0863D2F315CA900F5AE3E /* GLArray.cpp */,
				56F0863E2F315CA900F5AE3E /* GLBuffer.h */,
				56F0863F2F315CA900F5AE3E /* GLBuffer.cpp */,
				56F086402F315CA900F5AE3E /* GLDebug.h */,
				56F086412F315CA900F5AE3E /* GLDebug.cpp */,
				56F086422F315CA900F5AE3E /* GLDepthBuffer.h */,
				56F086432F315CA900F5AE3E /* GLDepthBuffer.cpp */,
				56F086442F315CA900F5AE3E /* GLDepthTexture.h */,
				56F086452F315CA900F5AE3E /* GLEnv.h */,
				56F086462F315CA900F5AE3E /* GLEnv.cpp */,
				56F086472F315CA900F5AE3E /* GLFramebuffer.h */,
				56F086482F315CA900F5AE3E /* GLFramebuffer.cpp */,
				56F086492F315CA900F5AE3E /* GLProgram.h */,
				56F0864A2F315CA900F5AE3E /* GLProgram.cpp */,
				56F0864B2F315CA900F5AE3E /* GLScreenshot.h */,
				56F0864C2F315CA900F5AE3E /* GLTexture1D.h */,
				56F0864D2F315CA900F5AE3E /* GLTexture1D.cpp */,
				56F0864E2F315CA900F5AE3E /* GLTexture2D.h */,
				56F0864F2F315CA900F5AE3E /* GLTexture2D.cpp */,
				56F086502F315CA900F5AE3E /* GLTexture3D.h */,
				56F086512F315CA900F5AE3E /* GLTexture3D.cpp */,
				56F086522F315CA900F5AE3E /* GLTextureCube.h */,
				56F086532F315CA900F5AE3E /* GLTextureCube.cpp */,
				56F086542F315CA900F5AE3E /* GLTextureCube.o */,
				56F086552F315CA900F5AE3E /* Grid2D.h */,
				56F086562F315CA900F5AE3E /* Grid2D.cpp */,
				56F086572F315CA900F5AE3E /* helvetica_neue.bmp */,
				56F086582F315CA900F5AE3E /* helvetica_neue.inc */,
				56F086592F315CA900F5AE3E /* helvetica_neue.pos */,
				56F0865A2F315CA900F5AE3E /* Image.h */,
				56F0865B2F315CA900F5AE3E /* Image.cpp */,
				56F0865C2F315CA900F5AE3E /* ImageLoader.h */,
				56F0865D2F315CA900F5AE3E /* ImageLoader.cpp */,
				56F0865F2F315CA900F5AE3E /* makefile */,
				56F086602F315CA900F5AE3E /* Mat3.h */,
				56F086612F315CA900F5AE3E /* Mat4.h */,
				56F086622F315CA900F5AE3E /* OBJFile.h */,
				56F086632F315CA900F5AE3E /* OBJFile.cpp */,
				56F086642F315CA900F5AE3E /* PerformanceTimer.h */,
				56F086652F315CA900F5AE3E /* Quaternion.h */,
				56F086662F315CA900F5AE3E /* Rand.h */,
				56F086672F315CA900F5AE3E /* Rand.cpp */,
				56F086682F315CA900F5AE3E /* stb_image.h */,
				56F086692F315CA900F5AE3E /* Tesselation.h */,
				56F0866A2F315CA900F5AE3E /* Tesselation.cpp */,
				56F0866B2F315CA900F5AE3E /* Vec2.h */,
				56F0866C2F315CA900F5AE3E /* Vec3.h */,
				56F0866D2F315CA900F5AE3E /* Vec4.h */,
			);
			name = Utils;
			sourceTree = "<group>";
		};
		A231F0F625EAF61A00CBFC23 = {
			isa = PBXGroup;
			children = (
				5677394C25FB7BF000AB2341 /* main.cpp */,
				56C308262ADFE439001E10D2 /* Utils */,
				A231F10025EAF61A00CBFC23 /* Products */,
			);
			sourceTree = "<group>";
		};
		A231F10025EAF61A00CBFC23 /* Products */ = {
			isa = PBXGroup;
			children = (
				A231F0FF25EAF61A00CBFC23 /* HelloGL-Demo */,
				56C308672ADFE5EE001E10D2 /* libUtils.a */,
			);
			name = Products;
			sourceTree = "<group>";
		};
/* End PBXGroup section */

/* Begin PBXHeadersBuildPhase section */
		56C308632ADFE5EE001E10D2 /* Headers */ = {
			isa = PBXHeadersBuildPhase;
			buildActionMask = 2147483647;
			files = (
				56F086872F315CA900F5AE3E /* ArcBall.h in Headers */,
				56F086882F315CA900F5AE3E /* Mat3.h in Headers */,
				56F086892F315CA900F5AE3E /* OBJFile.h in Headers */,
				56F0868A2F315CA900F5AE3E /* Tesselation.h in Headers */,
				56F0868B2F315CA900F5AE3E /* GLEnv.h in Headers */,
				56F0868C2F315CA900F5AE3E /* GLTexture3D.h in Headers */,
				56F0868D2F315CA900F5AE3E /* GLBuffer.h in Headers */,
				56F0868E2F315CA900F5AE3E /* GLTexture2D.h in Headers */,
				56F0868F2F315CA900F5AE3E /* GLApp.h in Headers */,
				56F086902F315CA900F5AE3E /* Mat4.h in Headers */,
				56F086912F315CA900F5AE3E /* ImageLoader.h in Headers */,
				56F086922F315CA900F5AE3E /* Camera.h in Headers */,
				56F086932F315CA900F5AE3E /* GLDepthBuffer.h in Headers */,
				56F086942F315CA900F5AE3E /* Quaternion.h in Headers */,
				56F086952F315CA900F5AE3E /* stb_image.h in Headers */,
				56F086962F315CA900F5AE3E /* Vec2.h in Headers */,
				56F086972F315CA900F5AE3E /* GLProgram.h in Headers */,
				56F086982F315CA900F5AE3E /* GLScreenshot.h in Headers */,
				56F086992F315CA900F5AE3E /* ColorConversion.h in Headers */,
				56F0869A2F315CA900F5AE3E /* bmp.h in Headers */,
				56F0869B2F315CA900F5AE3E /* Vec3.h in Headers */,
				56F0869C2F315CA900F5AE3E /* GLDebug.h in Headers */,
				56F0869D2F315CA900F5AE3E /* Rand.h in Headers */,
				56F0869E2F315CA900F5AE3E /* GLDepthTexture.h in Headers */,
				56F0869F2F315CA900F5AE3E /* CommandInterpreter.h in Headers */,
				56F086A02F315CA900F5AE3E /* GLTexture1D.h in Headers */,
				56F086A12F315CA900F5AE3E /* GLArray.h in Headers */,
				56F086A22F315CA900F5AE3E /* Vec4.h in Headers */,
				56F086A32F315CA900F5AE3E /* FontRenderer.h in Headers */,
				56F086A42F315CA900F5AE3E /* Grid2D.h in Headers */,
				56F086A52F315CA900F5AE3E /* GLAppKeyTranslation.h in Headers */,
				56F086A62F315CA900F5AE3E /* AbstractParticleSystem.h in Headers */,
				56F086A72F315CA900F5AE3E /* Image.h in Headers */,
				56F086A82F315CA900F5AE3E /* PerformanceTimer.h in Headers */,
				56F086A92F315CA900F5AE3E /* GLTextureCube.h in Headers */,
				56F086AA2F315CA900F5AE3E /* GLFramebuffer.h in Headers */,
			);
			runOnlyForDeploymentPostprocessing = 0;
		};
/* End PBXHeadersBuildPhase section */

/* Begin PBXNativeTarget section */
		56C308662ADFE5EE001E10D2 /* Utils */ = {
			isa = PBXNativeTarget;
			buildConfigurationList = 56C308682ADFE5EE001E10D2 /* Build configuration list for PBXNativeTarget "Utils" */;
			buildPhases = (
				56C308632ADFE5EE001E10D2 /* Headers */,
				56C308642ADFE5EE001E10D2 /* Sources */,
				56C308652ADFE5EE001E10D2 /* Frameworks */,
			);
			buildRules = (
			);
			dependencies = (
			);
			name = Utils;
			productName = Utils;
			productReference = 56C308672ADFE5EE001E10D2 /* libUtils.a */;
			productType = "com.apple.product-type.library.static";
		};
		A231F0FE25EAF61A00CBFC23 /* HelloGL-Demo */ = {
			isa = PBXNativeTarget;
			buildConfigurationList = A231F10625EAF61A00CBFC23 /* Build configuration list for PBXNativeTarget "HelloGL-Demo" */;
			buildPhases = (
				A231F0FB25EAF61A00CBFC23 /* Sources */,
				A231F0FC25EAF61A00CBFC23 /* Frameworks */,
				A231F0FD25EAF61A00CBFC23 /* CopyFiles */,
			);
			buildRules = (
			);
			dependencies = (
				56C3089E2AE01A37001E10D2 /* PBXTargetDependency */,
			);
			name = "HelloGL-Demo";
			productName = "HelloGL-Demo";
			productReference = A231F0FF25EAF61A00CBFC23 /* HelloGL-Demo */;
			productType = "com.apple.product-type.tool";
		};
/* End PBXNativeTarget section */

/* Begin PBXProject section */
		A231F0F725EAF61A00CBFC23 /* Project object */ = {
			isa = PBXProject;
			attributes = {
				BuildIndependentTargetsInParallel = YES;
				LastUpgradeCheck = 1500;
				TargetAttributes = {
					56C308662ADFE5EE001E10D2 = {
						CreatedOnToolsVersion = 15.0;
					};
					A231F0FE25EAF61A00CBFC23 = {
						CreatedOnToolsVersion = 12.4;
					};
				};
			};
			buildConfigurationList = A231F0FA25EAF61A00CBFC23 /* Build configuration list for PBXProject "HelloGL" */;
			compatibilityVersion = "Xcode 9.3";
			developmentRegion = en;
			hasScannedForEncodings = 0;
			knownRegions = (
				en,
				Base,
			);
			mainGroup = A231F0F625EAF61A00CBFC23;
			productRefGroup = A231F10025EAF61A00CBFC23 /* Products */;
			projectDirPath = "";
			projectRoot = "";
			targets = (
				A231F0FE25EAF61A00CBFC23 /* HelloGL-Demo */,
				56C308662ADFE5EE001E10D2 /* Utils */,
			);
		};
/* End PBXProject section */

/* Begin PBXSourcesBuildPhase section */
		56C308642ADFE5EE001E10D2 /* Sources */ = {
			isa = PBXSourcesBuildPhase;
			buildActionMask = 2147483647;
			files = (
				56F0866E2F315CA900F5AE3E /* ArcBall.cpp in Sources */,
				56F0866F2F315CA900F5AE3E /* CommandInterpreter.cpp in Sources */,
				56F086702F315CA900F5AE3E /* GLTexture1D.cpp in Sources */,
				56F086712F315CA900F5AE3E /* GLArray.cpp in Sources */,
				56F086722F315CA900F5AE3E /* Image.cpp in Sources */,
				56F086732F315CA900F5AE3E /* GLApp.cpp in Sources */,
				56F086742F315CA900F5AE3E /* Tesselation.cpp in Sources */,
				56F086752F315CA900F5AE3E /* Grid2D.cpp in Sources */,
				56F086762F315CA900F5AE3E /* ImageLoader.cpp in Sources */,
				56F086772F315CA900F5AE3E /* Rand.cpp in Sources */,
				56F086782F315CA900F5AE3E /* GLTexture2D.cpp in Sources */,
				56F086792F315CA900F5AE3E /* AbstractParticleSystem.cpp in Sources */,
				56F0867A2F315CA900F5AE3E /* helvetica_neue.inc in Sources */,
				56F0867B2F315CA900F5AE3E /* FontRenderer.cpp in Sources */,
				56F0867C2F315CA900F5AE3E /* GLFramebuffer.cpp in Sources */,
				56F0867D2F315CA900F5AE3E /* GLDebug.cpp in Sources */,
				56F0867E2F315CA900F5AE3E /* GLTextureCube.cpp in Sources */,
				56F0867F2F315CA900F5AE3E /* OBJFile.cpp in Sources */,
				56F086802F315CA900F5AE3E /* GLDepthBuffer.cpp in Sources */,
				56F086812F315CA900F5AE3E /* GLBuffer.cpp in Sources */,
				56F086822F315CA900F5AE3E /* GLProgram.cpp in Sources */,
				56F086832F315CA900F5AE3E /* makefile in Sources */,
				56F086842F315CA900F5AE3E /* GLTexture3D.cpp in Sources */,
				56F086852F315CA900F5AE3E /* bmp.cpp in Sources */,
				56F086862F315CA900F5AE3E /* GLEnv.cpp in Sources */,
			);
			runOnlyForDeploymentPostprocessing = 0;
		};
		A231F0FB25EAF61A00CBFC23 /* Sources */ = {
			isa = PBXSourcesBuildPhase;
			buildActionMask = 2147483647;
			files = (
				5677395325FB7BF000AB2341 /* main.cpp in Sources */,
			);
			runOnlyForDeploymentPostprocessing = 0;
		};
/* End PBXSourcesBuildPhase section */

/* Begin PBXTargetDependency section */
		56C3089E2AE01A37001E10D2 /* PBXTargetDependency */ = {
			isa = PBXTargetDependency;
			target = 56C308662ADFE5EE001E10D2 /* Utils */;
			targetProxy = 56C3089D2AE01A37001E10D2 /* PBXContainerItemProxy */;
		};
/* End PBXTargetDependency section */

/* Begin XCBuildConfiguration section */
		56C308692ADFE5EE001E10D2 /* Debug */ = {
			isa = XCBuildConfiguration;
			buildSettings = {
				ASSETCATALOG_COMPILER_GENERATE_SWIFT_ASSET_SYMBOL_EXTENSIONS = YES;
				CLANG_CXX_LANGUAGE_STANDARD = "gnu++20";
				CLANG_WARN_DOCUMENTATION_COMMENTS = YES;
				CODE_SIGN_STYLE = Automatic;
				EXECUTABLE_PREFIX = lib;
				GCC_C_LANGUAGE_STANDARD = gnu17;
				HEADER_SEARCH_PATHS = /opt/homebrew/include;
				LIBRARY_SEARCH_PATHS = /opt/homebrew/lib;
				LOCALIZATION_PREFERS_STRING_CATALOGS = YES;
				MACOSX_DEPLOYMENT_TARGET = 11.1;
				PRODUCT_NAME = "$(TARGET_NAME)";
				SKIP_INSTALL = YES;
			};
			name = Debug;
		};
		56C3086A2ADFE5EE001E10D2 /* Release */ = {
			isa = XCBuildConfiguration;
			buildSettings = {
				ASSETCATALOG_COMPILER_GENERATE_SWIFT_ASSET_SYMBOL_EXTENSIONS = YES;
				CLANG_CXX_LANGUAGE_STANDARD = "gnu++20";
				CLANG_WARN_DOCUMENTATION_COMMENTS = YES;
				CODE_SIGN_STYLE = Automatic;
				EXECUTABLE_PREFIX = lib;
				GCC_C_LANGUAGE_STANDARD = gnu17;
				HEADER_SEARCH_PATHS = /opt/homebrew/include;
				LIBRARY_SEARCH_PATHS = /opt/homebrew/lib;
				LOCALIZATION_PREFERS_STRING_CATALOGS = YES;
				MACOSX_DEPLOYMENT_TARGET = 11.1;
				PRODUCT_NAME = "$(TARGET_NAME)";
				SKIP_INSTALL = YES;
			};
			name = Release;
		};
		A231F10425EAF61A00CBFC23 /* Debug */ = {
			isa = XCBuildConfiguration;
			buildSettings = {
				ALWAYS_SEARCH_USER_PATHS = NO;
				CLANG_ANALYZER_NONNULL = YES;
				CLANG_ANALYZER_NUMBER_OBJECT_CONVERSION = YES_AGGRESSIVE;
				CLANG_CXX_LANGUAGE_STANDARD = "gnu++17";
				CLANG_CXX_LIBRARY = "libc++";
				CLANG_ENABLE_MODULES = YES;
				CLANG_ENABLE_OBJC_ARC = YES;
				CLANG_ENABLE_OBJC_WEAK = YES;
				CLANG_WARN_ASSIGN_ENUM = YES;
				CLANG_WARN_ATOMIC_IMPLICIT_SEQ_CST = YES;
				CLANG_WARN_BLOCK_CAPTURE_AUTORELEASING = YES;
				CLANG_WARN_BOOL_CONVERSION = YES;
				CLANG_WARN_COMMA = YES;
				CLANG_WARN_CONSTANT_CONVERSION = YES;
				CLANG_WARN_CXX0X_EXTENSIONS = YES;
				CLANG_WARN_DEPRECATED_OBJC_IMPLEMENTATIONS = YES;
				CLANG_WARN_DIRECT_OBJC_ISA_USAGE = YES_ERROR;
				CLANG_WARN_DOCUMENTATION_COMMENTS = NO;
				CLANG_WARN_EMPTY_BODY = YES;
				CLANG_WARN_ENUM_CONVERSION = YES;
				CLANG_WARN_IMPLICIT_SIGN_CONVERSION = YES;
				CLANG_WARN_INFINITE_RECURSION = YES;
				CLANG_WARN_INT_CONVERSION = YES;
				CLANG_WARN_NON_LITERAL_NULL_CONVERSION = YES;
				CLANG_WARN_OBJC_IMPLICIT_RETAIN_SELF = YES;
				CLANG_WARN_OBJC_LITERAL_CONVERSION = YES;
				CLANG_WARN_OBJC_ROOT_CLASS = YES_ERROR;
				CLANG_WARN_QUOTED_INCLUDE_IN_FRAMEWORK_HEADER = YES;
				CLANG_WARN_RANGE_LOOP_ANALYSIS = YES;
				CLANG_WARN_SEMICOLON_BEFORE_METHOD_BODY = YES;
				CLANG_WARN_STRICT_PROTOTYPES = YES;
				CLANG_WARN_SUSPICIOUS_IMPLICIT_CONVERSION = YES;
				CLANG_WARN_SUSPICIOUS_MOVE = YES;
				CLANG_WARN_UNGUARDED_AVAILABILITY = YES_AGGRESSIVE;
				CLANG_WARN_UNREACHABLE_CODE = YES;
				CLANG_WARN__DUPLICATE_METHOD_MATCH = YES;
				COPY_PHASE_STRIP = NO;
				DEAD_CODE_STRIPPING = YES;
				DEBUG_INFORMATION_FORMAT = dwarf;
				ENABLE_STRICT_OBJC_MSGSEND = YES;
				ENABLE_TESTABILITY = YES;
				ENABLE_USER_SCRIPT_SANDBOXING = YES;
				GCC_C_LANGUAGE_STANDARD = gnu11;
				GCC_DYNAMIC_NO_PIC = NO;
				GCC_NO_COMMON_BLOCKS = YES;
				GCC_OPTIMIZATION_LEVEL = 0;
				GCC_PREPROCESSOR_DEFINITIONS = (
					"DEBUG=1",
					"$(inherited)",
				);
				GCC_WARN_64_TO_32_BIT_CONVERSION = YES;
				GCC_WARN_ABOUT_MISSING_FIELD_INITIALIZERS = YES;
				GCC_WARN_ABOUT_MISSING_PROTOTYPES = YES;
				GCC_WARN_ABOUT_RETURN_TYPE = YES_ERROR;
				GCC_WARN_HIDDEN_VIRTUAL_FUNCTIONS = YES;
				GCC_WARN_INITIALIZER_NOT_FULLY_BRACKETED = YES;
				GCC_WARN_NON_VIRTUAL_DESTRUCTOR = YES;
				GCC_WARN_SHADOW = NO;
				GCC_WARN_SIGN_COMPARE = YES;
				GCC_WARN_UNDECLARED_SELECTOR = YES;
				GCC_WARN_UNINITIALIZED_AUTOS = YES_AGGRESSIVE;
				GCC_WARN_UNKNOWN_PRAGMAS = YES;
				GCC_WARN_UNUSED_FUNCTION = YES;
				GCC_WARN_UNUSED_LABEL = YES;
				GCC_WARN_UNUSED_PARAMETER = NO;
				GCC_WARN_UNUSED_VARIABLE = YES;
				HEADER_SEARCH_PATHS = (
					../Network,
					../Utils,
					/usr/local/Cellar/glew/2.1.0_1/include,
					/usr/local/Cellar/glfw/3.3.2/include,
				);
				LIBRARY_SEARCH_PATHS = (
					../Network,
					../Utils,
					/usr/local/Cellar/glfw/3.3.2/lib/,
					/usr/local/Cellar/glew/2.1.0_1/lib/,
				);
				MACOSX_DEPLOYMENT_TARGET = 11.1;
				MTL_ENABLE_DEBUG_INFO = INCLUDE_SOURCE;
				MTL_FAST_MATH = YES;
				ONLY_ACTIVE_ARCH = YES;
				OTHER_LDFLAGS = (
					"-lglfw",
					"-lGLEW",
					"-framework",
					OpenGL,
					"-L../Utils",
					"-lutils",
					"-L../Network",
					"-lnetwork",
				);
				SDKROOT = macosx;
			};
			name = Debug;
		};
		A231F10525EAF61A00CBFC23 /* Release */ = {
			isa = XCBuildConfiguration;
			buildSettings = {
				ALWAYS_SEARCH_USER_PATHS = NO;
				CLANG_ANALYZER_NONNULL = YES;
				CLANG_ANALYZER_NUMBER_OBJECT_CONVERSION = YES_AGGRESSIVE;
				CLANG_CXX_LANGUAGE_STANDARD = "gnu++17";
				CLANG_CXX_LIBRARY = "libc++";
				CLANG_ENABLE_MODULES = YES;
				CLANG_ENABLE_OBJC_ARC = YES;
				CLANG_ENABLE_OBJC_WEAK = YES;
				CLANG_WARN_ASSIGN_ENUM = YES;
				CLANG_WARN_ATOMIC_IMPLICIT_SEQ_CST = YES;
				CLANG_WARN_BLOCK_CAPTURE_AUTORELEASING = YES;
				CLANG_WARN_BOOL_CONVERSION = YES;
				CLANG_WARN_COMMA = YES;
				CLANG_WARN_CONSTANT_CONVERSION = YES;
				CLANG_WARN_CXX0X_EXTENSIONS = YES;
				CLANG_WARN_DEPRECATED_OBJC_IMPLEMENTATIONS = YES;
				CLANG_WARN_DIRECT_OBJC_ISA_USAGE = YES_ERROR;
				CLANG_WARN_DOCUMENTATION_COMMENTS = NO;
				CLANG_WARN_EMPTY_BODY = YES;
				CLANG_WARN_ENUM_CONVERSION = YES;
				CLANG_WARN_IMPLICIT_SIGN_CONVERSION = YES;
				CLANG_WARN_INFINITE_RECURSION = YES;
				CLANG_WARN_INT_CONVERSION = YES;
				CLANG_WARN_NON_LITERAL_NULL_CONVERSION = YES;
				CLANG_WARN_OBJC_IMPLICIT_RETAIN_SELF = YES;
				CLANG_WARN_OBJC_LITERAL_CONVERSION = YES;
				CLANG_WARN_OBJC_ROOT_CLASS = YES_ERROR;
				CLANG_WARN_QUOTED_INCLUDE_IN_FRAMEWORK_HEADER = YES;
				CLANG_WARN_RANGE_LOOP_ANALYSIS = YES;
				CLANG_WARN_SEMICOLON_BEFORE_METHOD_BODY = YES;
				CLANG_WARN_STRICT_PROTOTYPES = YES;
				CLANG_WARN_SUSPICIOUS_IMPLICIT_CONVERSION = YES;
				CLANG_WARN_SUSPICIOUS_MOVE = YES;
				CLANG_WARN_UNGUARDED_AVAILABILITY = YES_AGGRESSIVE;
				CLANG_WARN_UNREACHABLE_CODE = YES;
				CLANG_WARN__DUPLICATE_METHOD_MATCH = YES;
				COPY_PHASE_STRIP = NO;
				DEAD_CODE_STRIPPING = YES;
				DEBUG_INFORMATION_FORMAT = "dwarf-with-dsym";
				ENABLE_NS_ASSERTIONS = NO;
				ENABLE_STRICT_OBJC_MSGSEND = YES;
				ENABLE_USER_SCRIPT_SANDBOXING = YES;
				GCC_C_LANGUAGE_STANDARD = gnu11;
				GCC_NO_COMMON_BLOCKS = YES;
				GCC_WARN_64_TO_32_BIT_CONVERSION = YES;
				GCC_WARN_ABOUT_MISSING_FIELD_INITIALIZERS = YES;
				GCC_WARN_ABOUT_MISSING_PROTOTYPES = YES;
				GCC_WARN_ABOUT_RETURN_TYPE = YES_ERROR;
				GCC_WARN_HIDDEN_VIRTUAL_FUNCTIONS = YES;
				GCC_WARN_INITIALIZER_NOT_FULLY_BRACKETED = YES;
				GCC_WARN_NON_VIRTUAL_DESTRUCTOR = YES;
				GCC_WARN_SHADOW = NO;
				GCC_WARN_SIGN_COMPARE = YES;
				GCC_WARN_UNDECLARED_SELECTOR = YES;
				GCC_WARN_UNINITIALIZED_AUTOS = YES_AGGRESSIVE;
				GCC_WARN_UNKNOWN_PRAGMAS = YES;
				GCC_WARN_UNUSED_FUNCTION = YES;
				GCC_WARN_UNUSED_LABEL = YES;
				GCC_WARN_UNUSED_PARAMETER = NO;
				GCC_WARN_UNUSED_VARIABLE = YES;
				HEADER_SEARCH_PATHS = (
					../Network,
					../Utils,
					/usr/local/Cellar/glew/2.1.0_1/include,
					/usr/local/Cellar/glfw/3.3.2/include,
				);
				LIBRARY_SEARCH_PATHS = (
					../Network,
					../Utils,
					/usr/local/Cellar/glfw/3.3.2/lib/,
					/usr/local/Cellar/glew/2.1.0_1/lib/,
				);
				MACOSX_DEPLOYMENT_TARGET = 11.1;
				MTL_ENABLE_DEBUG_INFO = NO;
				MTL_FAST_MATH = YES;
				ONLY_ACTIVE_ARCH = YES;
				OTHER_LDFLAGS = (
					"-lglfw",
					"-lGLEW",
					"-framework",
					OpenGL,
					"-L../Utils",
					"-lutils",
					"-L../Network",
					"-lnetwork",
				);
				SDKROOT = macosx;
			};
			name = Release;
		};
		A231F10725EAF61A00CBFC23 /* Debug */ = {
			isa = XCBuildConfiguration;
			buildSettings = {
				CODE_SIGN_IDENTITY = "-";
				CODE_SIGN_STYLE = Automatic;
				DEAD_CODE_STRIPPING = YES;
				GCC_WARN_SHADOW = NO;
				HEADER_SEARCH_PATHS = (
					/usr/local/include/,
					../Utils,
					/opt/homebrew/include,
				);
				LIBRARY_SEARCH_PATHS = (
					/usr/local/lib,
					/opt/homebrew/lib,
				);
				OTHER_LDFLAGS = (
					"-lglfw",
					"-lGLEW",
					"-framework",
					OpenGL,
					"-L../Utils",
					"-lutils",
				);
				PRODUCT_NAME = "$(TARGET_NAME)";
			};
			name = Debug;
		};
		A231F10825EAF61A00CBFC23 /* Release */ = {
			isa = XCBuildConfiguration;
			buildSettings = {
				CODE_SIGN_IDENTITY = "-";
				CODE_SIGN_STYLE = Automatic;
				DEAD_CODE_STRIPPING = YES;
				GCC_WARN_SHADOW = NO;
				HEADER_SEARCH_PATHS = (
					/usr/local/include/,
					../Utils,
					/opt/homebrew/include,
				);
				LIBRARY_SEARCH_PATHS = (
					/usr/local/lib,
					/opt/homebrew/lib,
				);
				OTHER_LDFLAGS = (
					"-lglfw",
					"-lGLEW",
					"-framework",
					OpenGL,
					"-L../Utils",
					"-lutils",
				);
				PRODUCT_NAME = "$(TARGET_NAME)";
			};
			name = Release;
		};
/* End XCBuildConfiguration section */

/* Begin XCConfigurationList section */
		56C308682ADFE5EE001E10D2 /* Build configuration list for PBXNativeTarget "Utils" */ = {
			isa = XCConfigurationList;
			buildConfigurations = (
				56C308692ADFE5EE001E10D2 /* Debug */,
				56C3086A2ADFE5EE001E10D2 /* Release */,
			);
			defaultConfigurationIsVisible = 0;
			defaultConfigurationName = Release;
		};
		A231F0FA25EAF61A00CBFC23 /* Build configuration list for PBXProject "HelloGL" */ = {
			isa = XCConfigurationList;
			buildConfigurations = (
				A231F10425EAF61A00CBFC23 /* Debug */,
				A231F10525EAF61A00CBFC23 /* Release */,
			);
			defaultConfigurationIsVisible = 0;
			defaultConfigurationName = Release;
		};
		A231F10625EAF61A00CBFC23 /* Build configuration list for PBXNativeTarget "HelloGL-Demo" */ = {
			isa = XCConfigurationList;
			buildConfigurations = (
				A231F10725EAF61A00CBFC23 /* Debug */,
				A231F10825EAF61A00CBFC23 /* Release */,
			);
			defaultConfigurationIsVisible = 0;
			defaultConfigurationName = Release;
		};
/* End XCConfigurationList section */
	};
	rootObject = A231F0F725EAF61A00CBFC23 /* Project object */;
}
